
Microsoft Visual Studio Solution File, Format Version 12.00
# Visual Studio Version 17
VisualStudioVersion = 17.8.34309.116
MinimumVisualStudioVersion = 10.0.40219.1
Project("{FAE04EC0-301F-11D3-BF4B-00C04F79EFBC}") = "Tic Tac Toe", "Tic Tac Toe\Tic Tac Toe.csproj", "{0095A990-10FB-49BB-AEFA-B31F438F060A}"
EndProject
Global
	GlobalSection(SolutionConfigurationPlatforms) = preSolution
		Debug|Any CPU = Debug|Any CPU
		Release|Any CPU = Release|Any CPU
	EndGlobalSection
	GlobalSection(ProjectConfigurationPlatforms) = postSolution
		{0095A990-10FB-49BB-AEFA-B31F438F060A}.Debug|Any CPU.ActiveCfg = Debug|Any CPU
		{0095A990-10FB-49BB-AEFA-B31F438F060A}.Debug|Any CPU.Build.0 = Debug|Any CPU
		{0095A990-10FB-49BB-AEFA-B31F438F060A}.Release|Any CPU.ActiveCfg = Release|Any CPU
		{0095A990-10FB-49BB-AEFA-B31F438F060A}.Release|Any CPU.Build.0 = Release|Any CPU
	EndGlobalSection
	GlobalSection(SolutionProperties) = preSolution
		HideSolutionNode = FALSE
	EndGlobalSection
	GlobalSection(ExtensibilityGlobals) = postSolution
		SolutionGuid = {03D427E0-C737-4ED5-93BE-03F227CB24FA}
	EndGlobalSection
EndGlobal
